// !$*UTF8*$!
{
	archiveVersion = 1;
	classes = {
	};
	objectVersion = 56;
	objects = {

/* Begin PBXBuildFile section */
		B96ADBC72C204B2C00CF5F6F /* Galmuri7.ttf in Resources */ = {isa = PBXBuildFile; fileRef = B96ADBC52C204B2C00CF5F6F /* Galmuri7.ttf */; };
		B96ADBC82C204B2C00CF5F6F /* Galmuri9.ttf in Resources */ = {isa = PBXBuildFile; fileRef = B96ADBC62C204B2C00CF5F6F /* Galmuri9.ttf */; };
		B96ADBCB2C204B5000CF5F6F /* Font+.swift in Sources */ = {isa = PBXBuildFile; fileRef = B96ADBCA2C204B5000CF5F6F /* Font+.swift */; };
		B96ADBCE2C204D0800CF5F6F /* StringLiterals.swift in Sources */ = {isa = PBXBuildFile; fileRef = B96ADBCD2C204D0800CF5F6F /* StringLiterals.swift */; };
		B96ADBD22C204DA400CF5F6F /* ChannelListView.swift in Sources */ = {isa = PBXBuildFile; fileRef = B96ADBD12C204DA400CF5F6F /* ChannelListView.swift */; };
		B96ADBD52C204DCB00CF5F6F /* NewChannelView.swift in Sources */ = {isa = PBXBuildFile; fileRef = B96ADBD42C204DCB00CF5F6F /* NewChannelView.swift */; };
		B96ADBD72C204DFA00CF5F6F /* ChannelDetailView.swift in Sources */ = {isa = PBXBuildFile; fileRef = B96ADBD62C204DFA00CF5F6F /* ChannelDetailView.swift */; };
		B9A5CF5A2C22B5CD0039C6B5 /* PTChannelManager.swift in Sources */ = {isa = PBXBuildFile; fileRef = B9A5CF592C22B5CD0039C6B5 /* PTChannelManager.swift */; };
		B9CC0A262C1EBF000094AEAB /* _024_NC2_A31_WhereAreYouApp.swift in Sources */ = {isa = PBXBuildFile; fileRef = B9CC0A252C1EBF000094AEAB /* _024_NC2_A31_WhereAreYouApp.swift */; };
		B9CC0A282C1EBF000094AEAB /* ContentView.swift in Sources */ = {isa = PBXBuildFile; fileRef = B9CC0A272C1EBF000094AEAB /* ContentView.swift */; };
		B9CC0A2A2C1EBF010094AEAB /* Assets.xcassets in Resources */ = {isa = PBXBuildFile; fileRef = B9CC0A292C1EBF010094AEAB /* Assets.xcassets */; };
		B9CC0A2D2C1EBF010094AEAB /* Preview Assets.xcassets in Resources */ = {isa = PBXBuildFile; fileRef = B9CC0A2C2C1EBF010094AEAB /* Preview Assets.xcassets */; };
		B9EC5A672C22E93A0031437B /* ChannelBlockView.swift in Sources */ = {isa = PBXBuildFile; fileRef = B9EC5A662C22E93A0031437B /* ChannelBlockView.swift */; };
/* End PBXBuildFile section */

/* Begin PBXFileReference section */
		B96ADBC52C204B2C00CF5F6F /* Galmuri7.ttf */ = {isa = PBXFileReference; lastKnownFileType = file; path = Galmuri7.ttf; sourceTree = "<group>"; };
		B96ADBC62C204B2C00CF5F6F /* Galmuri9.ttf */ = {isa = PBXFileReference; lastKnownFileType = file; path = Galmuri9.ttf; sourceTree = "<group>"; };
		B96ADBCA2C204B5000CF5F6F /* Font+.swift */ = {isa = PBXFileReference; lastKnownFileType = sourcecode.swift; path = "Font+.swift"; sourceTree = "<group>"; };
		B96ADBCC2C204C1E00CF5F6F /* -024-NC2-A31-WhereAreYou-Info.plist */ = {isa = PBXFileReference; lastKnownFileType = text.plist; path = "-024-NC2-A31-WhereAreYou-Info.plist"; sourceTree = SOURCE_ROOT; };
		B96ADBCD2C204D0800CF5F6F /* StringLiterals.swift */ = {isa = PBXFileReference; lastKnownFileType = sourcecode.swift; path = StringLiterals.swift; sourceTree = "<group>"; };
		B96ADBD12C204DA400CF5F6F /* ChannelListView.swift */ = {isa = PBXFileReference; lastKnownFileType = sourcecode.swift; path = ChannelListView.swift; sourceTree = "<group>"; };
		B96ADBD42C204DCB00CF5F6F /* NewChannelView.swift */ = {isa = PBXFileReference; lastKnownFileType = sourcecode.swift; path = NewChannelView.swift; sourceTree = "<group>"; };
		B96ADBD62C204DFA00CF5F6F /* ChannelDetailView.swift */ = {isa = PBXFileReference; lastKnownFileType = sourcecode.swift; path = ChannelDetailView.swift; sourceTree = "<group>"; };
		B9A5CF592C22B5CD0039C6B5 /* PTChannelManager.swift */ = {isa = PBXFileReference; lastKnownFileType = sourcecode.swift; path = PTChannelManager.swift; sourceTree = "<group>"; };
		B9A5CF5B2C22B63D0039C6B5 /* 2024-NC2-A31-WhereAreYou.entitlements */ = {isa = PBXFileReference; lastKnownFileType = text.plist.entitlements; path = "2024-NC2-A31-WhereAreYou.entitlements"; sourceTree = "<group>"; };
		B9CC0A222C1EBF000094AEAB /* 2024-NC2-A31-WhereAreYou.app */ = {isa = PBXFileReference; explicitFileType = wrapper.application; includeInIndex = 0; path = "2024-NC2-A31-WhereAreYou.app"; sourceTree = BUILT_PRODUCTS_DIR; };
		B9CC0A252C1EBF000094AEAB /* _024_NC2_A31_WhereAreYouApp.swift */ = {isa = PBXFileReference; lastKnownFileType = sourcecode.swift; path = _024_NC2_A31_WhereAreYouApp.swift; sourceTree = "<group>"; };
		B9CC0A272C1EBF000094AEAB /* ContentView.swift */ = {isa = PBXFileReference; lastKnownFileType = sourcecode.swift; path = ContentView.swift; sourceTree = "<group>"; };
		B9CC0A292C1EBF010094AEAB /* Assets.xcassets */ = {isa = PBXFileReference; lastKnownFileType = folder.assetcatalog; path = Assets.xcassets; sourceTree = "<group>"; };
		B9CC0A2C2C1EBF010094AEAB /* Preview Assets.xcassets */ = {isa = PBXFileReference; lastKnownFileType = folder.assetcatalog; path = "Preview Assets.xcassets"; sourceTree = "<group>"; };
		B9EC5A662C22E93A0031437B /* ChannelBlockView.swift */ = {isa = PBXFileReference; lastKnownFileType = sourcecode.swift; path = ChannelBlockView.swift; sourceTree = "<group>"; };
/* End PBXFileReference section */

/* Begin PBXFrameworksBuildPhase section */
		B9CC0A1F2C1EBF000094AEAB /* Frameworks */ = {
			isa = PBXFrameworksBuildPhase;
			buildActionMask = 2147483647;
			files = (
			);
			runOnlyForDeploymentPostprocessing = 0;
		};
/* End PBXFrameworksBuildPhase section */

/* Begin PBXGroup section */
		B96ADBC22C204AC900CF5F6F /* Views */ = {
			isa = PBXGroup;
			children = (
				B96ADBD32C204DB900CF5F6F /* ChannelDetail */,
				B96ADBD02C204D8A00CF5F6F /* ChannelList */,
				B9CC0A272C1EBF000094AEAB /* ContentView.swift */,
			);
			path = Views;
			sourceTree = "<group>";
		};
		B96ADBC32C204ADF00CF5F6F /* Resources */ = {
			isa = PBXGroup;
			children = (
				B96ADBC42C204AE400CF5F6F /* Fonts */,
				B96ADBCD2C204D0800CF5F6F /* StringLiterals.swift */,
			);
			path = Resources;
			sourceTree = "<group>";
		};
		B96ADBC42C204AE400CF5F6F /* Fonts */ = {
			isa = PBXGroup;
			children = (
				B96ADBC52C204B2C00CF5F6F /* Galmuri7.ttf */,
				B96ADBC62C204B2C00CF5F6F /* Galmuri9.ttf */,
			);
			path = Fonts;
			sourceTree = "<group>";
		};
		B96ADBC92C204B4700CF5F6F /* Extensions */ = {
			isa = PBXGroup;
			children = (
				B96ADBCA2C204B5000CF5F6F /* Font+.swift */,
			);
			path = Extensions;
			sourceTree = "<group>";
		};
		B96ADBCF2C204D7700CF5F6F /* App */ = {
			isa = PBXGroup;
			children = (
				B9CC0A252C1EBF000094AEAB /* _024_NC2_A31_WhereAreYouApp.swift */,
			);
			path = App;
			sourceTree = "<group>";
		};
		B96ADBD02C204D8A00CF5F6F /* ChannelList */ = {
			isa = PBXGroup;
			children = (
				B96ADBD12C204DA400CF5F6F /* ChannelListView.swift */,
				B96ADBD42C204DCB00CF5F6F /* NewChannelView.swift */,
				B9EC5A662C22E93A0031437B /* ChannelBlockView.swift */,
			);
			path = ChannelList;
			sourceTree = "<group>";
		};
		B96ADBD32C204DB900CF5F6F /* ChannelDetail */ = {
			isa = PBXGroup;
			children = (
				B96ADBD62C204DFA00CF5F6F /* ChannelDetailView.swift */,
			);
			path = ChannelDetail;
			sourceTree = "<group>";
		};
		B9A5CF582C22B5C00039C6B5 /* Model */ = {
			isa = PBXGroup;
			children = (
				B9A5CF592C22B5CD0039C6B5 /* PTChannelManager.swift */,
			);
			path = Model;
			sourceTree = "<group>";
		};
		B9CC0A192C1EBF000094AEAB = {
			isa = PBXGroup;
			children = (
				B9CC0A242C1EBF000094AEAB /* 2024-NC2-A31-WhereAreYou */,
				B9CC0A232C1EBF000094AEAB /* Products */,
			);
			sourceTree = "<group>";
		};
		B9CC0A232C1EBF000094AEAB /* Products */ = {
			isa = PBXGroup;
			children = (
				B9CC0A222C1EBF000094AEAB /* 2024-NC2-A31-WhereAreYou.app */,
			);
			name = Products;
			sourceTree = "<group>";
		};
		B9CC0A242C1EBF000094AEAB /* 2024-NC2-A31-WhereAreYou */ = {
			isa = PBXGroup;
			children = (
				B9A5CF5B2C22B63D0039C6B5 /* 2024-NC2-A31-WhereAreYou.entitlements */,
				B9A5CF582C22B5C00039C6B5 /* Model */,
				B96ADBCF2C204D7700CF5F6F /* App */,
				B96ADBCC2C204C1E00CF5F6F /* -024-NC2-A31-WhereAreYou-Info.plist */,
				B96ADBC92C204B4700CF5F6F /* Extensions */,
				B96ADBC32C204ADF00CF5F6F /* Resources */,
				B96ADBC22C204AC900CF5F6F /* Views */,
				B9CC0A292C1EBF010094AEAB /* Assets.xcassets */,
				B9CC0A2B2C1EBF010094AEAB /* Preview Content */,
			);
			path = "2024-NC2-A31-WhereAreYou";
			sourceTree = "<group>";
		};
		B9CC0A2B2C1EBF010094AEAB /* Preview Content */ = {
			isa = PBXGroup;
			children = (
				B9CC0A2C2C1EBF010094AEAB /* Preview Assets.xcassets */,
			);
			path = "Preview Content";
			sourceTree = "<group>";
		};
/* End PBXGroup section */

/* Begin PBXNativeTarget section */
		B9CC0A212C1EBF000094AEAB /* 2024-NC2-A31-WhereAreYou */ = {
			isa = PBXNativeTarget;
			buildConfigurationList = B9CC0A302C1EBF010094AEAB /* Build configuration list for PBXNativeTarget "2024-NC2-A31-WhereAreYou" */;
			buildPhases = (
				B9CC0A1E2C1EBF000094AEAB /* Sources */,
				B9CC0A1F2C1EBF000094AEAB /* Frameworks */,
				B9CC0A202C1EBF000094AEAB /* Resources */,
			);
			buildRules = (
			);
			dependencies = (
			);
			name = "2024-NC2-A31-WhereAreYou";
			productName = "2024-NC2-A31-WhereAreYou";
			productReference = B9CC0A222C1EBF000094AEAB /* 2024-NC2-A31-WhereAreYou.app */;
			productType = "com.apple.product-type.application";
		};
/* End PBXNativeTarget section */

/* Begin PBXProject section */
		B9CC0A1A2C1EBF000094AEAB /* Project object */ = {
			isa = PBXProject;
			attributes = {
				BuildIndependentTargetsInParallel = 1;
				LastSwiftUpdateCheck = 1540;
				LastUpgradeCheck = 1540;
				TargetAttributes = {
					B9CC0A212C1EBF000094AEAB = {
						CreatedOnToolsVersion = 15.4;
					};
				};
			};
			buildConfigurationList = B9CC0A1D2C1EBF000094AEAB /* Build configuration list for PBXProject "2024-NC2-A31-WhereAreYou" */;
			compatibilityVersion = "Xcode 14.0";
			developmentRegion = en;
			hasScannedForEncodings = 0;
			knownRegions = (
				en,
				Base,
			);
			mainGroup = B9CC0A192C1EBF000094AEAB;
			productRefGroup = B9CC0A232C1EBF000094AEAB /* Products */;
			projectDirPath = "";
			projectRoot = "";
			targets = (
				B9CC0A212C1EBF000094AEAB /* 2024-NC2-A31-WhereAreYou */,
			);
		};
/* End PBXProject section */

/* Begin PBXResourcesBuildPhase section */
		B9CC0A202C1EBF000094AEAB /* Resources */ = {
			isa = PBXResourcesBuildPhase;
			buildActionMask = 2147483647;
			files = (
				B96ADBC72C204B2C00CF5F6F /* Galmuri7.ttf in Resources */,
				B9CC0A2D2C1EBF010094AEAB /* Preview Assets.xcassets in Resources */,
				B96ADBC82C204B2C00CF5F6F /* Galmuri9.ttf in Resources */,
				B9CC0A2A2C1EBF010094AEAB /* Assets.xcassets in Resources */,
			);
			runOnlyForDeploymentPostprocessing = 0;
		};
/* End PBXResourcesBuildPhase section */

/* Begin PBXSourcesBuildPhase section */
		B9CC0A1E2C1EBF000094AEAB /* Sources */ = {
			isa = PBXSourcesBuildPhase;
			buildActionMask = 2147483647;
			files = (
				B9EC5A672C22E93A0031437B /* ChannelBlockView.swift in Sources */,
				B96ADBCB2C204B5000CF5F6F /* Font+.swift in Sources */,
				B9A5CF5A2C22B5CD0039C6B5 /* PTChannelManager.swift in Sources */,
				B96ADBD72C204DFA00CF5F6F /* ChannelDetailView.swift in Sources */,
				B9CC0A282C1EBF000094AEAB /* ContentView.swift in Sources */,
				B96ADBD22C204DA400CF5F6F /* ChannelListView.swift in Sources */,
				B96ADBCE2C204D0800CF5F6F /* StringLiterals.swift in Sources */,
				B9CC0A262C1EBF000094AEAB /* _024_NC2_A31_WhereAreYouApp.swift in Sources */,
				B96ADBD52C204DCB00CF5F6F /* NewChannelView.swift in Sources */,
			);
			runOnlyForDeploymentPostprocessing = 0;
		};
/* End PBXSourcesBuildPhase section */

/* Begin XCBuildConfiguration section */
		B9CC0A2E2C1EBF010094AEAB /* Debug */ = {
			isa = XCBuildConfiguration;
			buildSettings = {
				ALWAYS_SEARCH_USER_PATHS = NO;
				ASSETCATALOG_COMPILER_GENERATE_SWIFT_ASSET_SYMBOL_EXTENSIONS = YES;
				CLANG_ANALYZER_NONNULL = YES;
				CLANG_ANALYZER_NUMBER_OBJECT_CONVERSION = YES_AGGRESSIVE;
				CLANG_CXX_LANGUAGE_STANDARD = "gnu++20";
				CLANG_ENABLE_MODULES = YES;
				CLANG_ENABLE_OBJC_ARC = YES;
				CLANG_ENABLE_OBJC_WEAK = YES;
				CLANG_WARN_BLOCK_CAPTURE_AUTORELEASING = YES;
				CLANG_WARN_BOOL_CONVERSION = YES;
				CLANG_WARN_COMMA = YES;
				CLANG_WARN_CONSTANT_CONVERSION = YES;
				CLANG_WARN_DEPRECATED_OBJC_IMPLEMENTATIONS = YES;
				CLANG_WARN_DIRECT_OBJC_ISA_USAGE = YES_ERROR;
				CLANG_WARN_DOCUMENTATION_COMMENTS = YES;
				CLANG_WARN_EMPTY_BODY = YES;
				CLANG_WARN_ENUM_CONVERSION = YES;
				CLANG_WARN_INFINITE_RECURSION = YES;
				CLANG_WARN_INT_CONVERSION = YES;
				CLANG_WARN_NON_LITERAL_NULL_CONVERSION = YES;
				CLANG_WARN_OBJC_IMPLICIT_RETAIN_SELF = YES;
				CLANG_WARN_OBJC_LITERAL_CONVERSION = YES;
				CLANG_WARN_OBJC_ROOT_CLASS = YES_ERROR;
				CLANG_WARN_QUOTED_INCLUDE_IN_FRAMEWORK_HEADER = YES;
				CLANG_WARN_RANGE_LOOP_ANALYSIS = YES;
				CLANG_WARN_STRICT_PROTOTYPES = YES;
				CLANG_WARN_SUSPICIOUS_MOVE = YES;
				CLANG_WARN_UNGUARDED_AVAILABILITY = YES_AGGRESSIVE;
				CLANG_WARN_UNREACHABLE_CODE = YES;
				CLANG_WARN__DUPLICATE_METHOD_MATCH = YES;
				COPY_PHASE_STRIP = NO;
				DEBUG_INFORMATION_FORMAT = dwarf;
				ENABLE_STRICT_OBJC_MSGSEND = YES;
				ENABLE_TESTABILITY = YES;
				ENABLE_USER_SCRIPT_SANDBOXING = YES;
				GCC_C_LANGUAGE_STANDARD = gnu17;
				GCC_DYNAMIC_NO_PIC = NO;
				GCC_NO_COMMON_BLOCKS = YES;
				GCC_OPTIMIZATION_LEVEL = 0;
				GCC_PREPROCESSOR_DEFINITIONS = (
					"DEBUG=1",
					"$(inherited)",
				);
				GCC_WARN_64_TO_32_BIT_CONVERSION = YES;
				GCC_WARN_ABOUT_RETURN_TYPE = YES_ERROR;
				GCC_WARN_UNDECLARED_SELECTOR = YES;
				GCC_WARN_UNINITIALIZED_AUTOS = YES_AGGRESSIVE;
				GCC_WARN_UNUSED_FUNCTION = YES;
				GCC_WARN_UNUSED_VARIABLE = YES;
				IPHONEOS_DEPLOYMENT_TARGET = 17.5;
				LOCALIZATION_PREFERS_STRING_CATALOGS = YES;
				MTL_ENABLE_DEBUG_INFO = INCLUDE_SOURCE;
				MTL_FAST_MATH = YES;
				ONLY_ACTIVE_ARCH = YES;
				SDKROOT = iphoneos;
				SWIFT_ACTIVE_COMPILATION_CONDITIONS = "DEBUG $(inherited)";
				SWIFT_OPTIMIZATION_LEVEL = "-Onone";
			};
			name = Debug;
		};
		B9CC0A2F2C1EBF010094AEAB /* Release */ = {
			isa = XCBuildConfiguration;
			buildSettings = {
				ALWAYS_SEARCH_USER_PATHS = NO;
				ASSETCATALOG_COMPILER_GENERATE_SWIFT_ASSET_SYMBOL_EXTENSIONS = YES;
				CLANG_ANALYZER_NONNULL = YES;
				CLANG_ANALYZER_NUMBER_OBJECT_CONVERSION = YES_AGGRESSIVE;
				CLANG_CXX_LANGUAGE_STANDARD = "gnu++20";
				CLANG_ENABLE_MODULES = YES;
				CLANG_ENABLE_OBJC_ARC = YES;
				CLANG_ENABLE_OBJC_WEAK = YES;
				CLANG_WARN_BLOCK_CAPTURE_AUTORELEASING = YES;
				CLANG_WARN_BOOL_CONVERSION = YES;
				CLANG_WARN_COMMA = YES;
				CLANG_WARN_CONSTANT_CONVERSION = YES;
				CLANG_WARN_DEPRECATED_OBJC_IMPLEMENTATIONS = YES;
				CLANG_WARN_DIRECT_OBJC_ISA_USAGE = YES_ERROR;
				CLANG_WARN_DOCUMENTATION_COMMENTS = YES;
				CLANG_WARN_EMPTY_BODY = YES;
				CLANG_WARN_ENUM_CONVERSION = YES;
				CLANG_WARN_INFINITE_RECURSION = YES;
				CLANG_WARN_INT_CONVERSION = YES;
				CLANG_WARN_NON_LITERAL_NULL_CONVERSION = YES;
				CLANG_WARN_OBJC_IMPLICIT_RETAIN_SELF = YES;
				CLANG_WARN_OBJC_LITERAL_CONVERSION = YES;
				CLANG_WARN_OBJC_ROOT_CLASS = YES_ERROR;
				CLANG_WARN_QUOTED_INCLUDE_IN_FRAMEWORK_HEADER = YES;
				CLANG_WARN_RANGE_LOOP_ANALYSIS = YES;
				CLANG_WARN_STRICT_PROTOTYPES = YES;
				CLANG_WARN_SUSPICIOUS_MOVE = YES;
				CLANG_WARN_UNGUARDED_AVAILABILITY = YES_AGGRESSIVE;
				CLANG_WARN_UNREACHABLE_CODE = YES;
				CLANG_WARN__DUPLICATE_METHOD_MATCH = YES;
				COPY_PHASE_STRIP = NO;
				DEBUG_INFORMATION_FORMAT = "dwarf-with-dsym";
				ENABLE_NS_ASSERTIONS = NO;
				ENABLE_STRICT_OBJC_MSGSEND = YES;
				ENABLE_USER_SCRIPT_SANDBOXING = YES;
				GCC_C_LANGUAGE_STANDARD = gnu17;
				GCC_NO_COMMON_BLOCKS = YES;
				GCC_WARN_64_TO_32_BIT_CONVERSION = YES;
				GCC_WARN_ABOUT_RETURN_TYPE = YES_ERROR;
				GCC_WARN_UNDECLARED_SELECTOR = YES;
				GCC_WARN_UNINITIALIZED_AUTOS = YES_AGGRESSIVE;
				GCC_WARN_UNUSED_FUNCTION = YES;
				GCC_WARN_UNUSED_VARIABLE = YES;
				IPHONEOS_DEPLOYMENT_TARGET = 17.5;
				LOCALIZATION_PREFERS_STRING_CATALOGS = YES;
				MTL_ENABLE_DEBUG_INFO = NO;
				MTL_FAST_MATH = YES;
				SDKROOT = iphoneos;
				SWIFT_COMPILATION_MODE = wholemodule;
				VALIDATE_PRODUCT = YES;
			};
			name = Release;
		};
		B9CC0A312C1EBF010094AEAB /* Debug */ = {
			isa = XCBuildConfiguration;
			buildSettings = {
				ASSETCATALOG_COMPILER_APPICON_NAME = AppIcon;
				ASSETCATALOG_COMPILER_GLOBAL_ACCENT_COLOR_NAME = AccentColor;
				CODE_SIGN_ENTITLEMENTS = "2024-NC2-A31-WhereAreYou/2024-NC2-A31-WhereAreYou.entitlements";
				CODE_SIGN_STYLE = Automatic;
				CURRENT_PROJECT_VERSION = 1;
				DEVELOPMENT_ASSET_PATHS = "\"2024-NC2-A31-WhereAreYou/Preview Content\"";
				DEVELOPMENT_TEAM = 9SVDHQS4M3;
				ENABLE_PREVIEWS = YES;
				GENERATE_INFOPLIST_FILE = YES;
				INFOPLIST_FILE = "-024-NC2-A31-WhereAreYou-Info.plist";
				INFOPLIST_KEY_NSMicrophoneUsageDescription = "마이크 권한 요청";
				INFOPLIST_KEY_UIApplicationSceneManifest_Generation = YES;
				INFOPLIST_KEY_UIApplicationSupportsIndirectInputEvents = YES;
				INFOPLIST_KEY_UILaunchScreen_Generation = YES;
				INFOPLIST_KEY_UISupportedInterfaceOrientations_iPad = "UIInterfaceOrientationPortrait UIInterfaceOrientationPortraitUpsideDown UIInterfaceOrientationLandscapeLeft UIInterfaceOrientationLandscapeRight";
				INFOPLIST_KEY_UISupportedInterfaceOrientations_iPhone = "UIInterfaceOrientationPortrait UIInterfaceOrientationLandscapeLeft UIInterfaceOrientationLandscapeRight";
				LD_RUNPATH_SEARCH_PATHS = (
					"$(inherited)",
					"@executable_path/Frameworks",
				);
				MARKETING_VERSION = 1.0;
				PRODUCT_BUNDLE_IDENTIFIER = "com.seoyeonchoi.-024-NC2-A31-WhereAreYou";
				PRODUCT_NAME = "$(TARGET_NAME)";
				SWIFT_EMIT_LOC_STRINGS = YES;
				SWIFT_VERSION = 5.0;
				TARGETED_DEVICE_FAMILY = "1,2";
			};
			name = Debug;
		};
		B9CC0A322C1EBF010094AEAB /* Release */ = {
			isa = XCBuildConfiguration;
			buildSettings = {
				ASSETCATALOG_COMPILER_APPICON_NAME = AppIcon;
				ASSETCATALOG_COMPILER_GLOBAL_ACCENT_COLOR_NAME = AccentColor;
				CODE_SIGN_ENTITLEMENTS = "2024-NC2-A31-WhereAreYou/2024-NC2-A31-WhereAreYou.entitlements";
				CODE_SIGN_STYLE = Automatic;
				CURRENT_PROJECT_VERSION = 1;
				DEVELOPMENT_ASSET_PATHS = "\"2024-NC2-A31-WhereAreYou/Preview Content\"";
				DEVELOPMENT_TEAM = 9SVDHQS4M3;
				ENABLE_PREVIEWS = YES;
				GENERATE_INFOPLIST_FILE = YES;
				INFOPLIST_FILE = "-024-NC2-A31-WhereAreYou-Info.plist";
				INFOPLIST_KEY_NSMicrophoneUsageDescription = "마이크 권한 요청";
				INFOPLIST_KEY_UIApplicationSceneManifest_Generation = YES;
				INFOPLIST_KEY_UIApplicationSupportsIndirectInputEvents = YES;
				INFOPLIST_KEY_UILaunchScreen_Generation = YES;
				INFOPLIST_KEY_UISupportedInterfaceOrientations_iPad = "UIInterfaceOrientationPortrait UIInterfaceOrientationPortraitUpsideDown UIInterfaceOrientationLandscapeLeft UIInterfaceOrientationLandscapeRight";
				INFOPLIST_KEY_UISupportedInterfaceOrientations_iPhone = "UIInterfaceOrientationPortrait UIInterfaceOrientationLandscapeLeft UIInterfaceOrientationLandscapeRight";
				LD_RUNPATH_SEARCH_PATHS = (
					"$(inherited)",
					"@executable_path/Frameworks",
				);
				MARKETING_VERSION = 1.0;
				PRODUCT_BUNDLE_IDENTIFIER = "com.seoyeonchoi.-024-NC2-A31-WhereAreYou";
				PRODUCT_NAME = "$(TARGET_NAME)";
				SWIFT_EMIT_LOC_STRINGS = YES;
				SWIFT_VERSION = 5.0;
				TARGETED_DEVICE_FAMILY = "1,2";
			};
			name = Release;
		};
/* End XCBuildConfiguration section */

/* Begin XCConfigurationList section */
		B9CC0A1D2C1EBF000094AEAB /* Build configuration list for PBXProject "2024-NC2-A31-WhereAreYou" */ = {
			isa = XCConfigurationList;
			buildConfigurations = (
				B9CC0A2E2C1EBF010094AEAB /* Debug */,
				B9CC0A2F2C1EBF010094AEAB /* Release */,
			);
			defaultConfigurationIsVisible = 0;
			defaultConfigurationName = Release;
		};
		B9CC0A302C1EBF010094AEAB /* Build configuration list for PBXNativeTarget "2024-NC2-A31-WhereAreYou" */ = {
			isa = XCConfigurationList;
			buildConfigurations = (
				B9CC0A312C1EBF010094AEAB /* Debug */,
				B9CC0A322C1EBF010094AEAB /* Release */,
			);
			defaultConfigurationIsVisible = 0;
			defaultConfigurationName = Release;
		};
/* End XCConfigurationList section */
	};
	rootObject = B9CC0A1A2C1EBF000094AEAB /* Project object */;
}
